
Microsoft Visual Studio Solution File, Format Version 12.00
# Visual Studio Version 16
VisualStudioVersion = 16.0.33130.400
MinimumVisualStudioVersion = 10.0.40219.1
Project("{FAE04EC0-301F-11D3-BF4B-00C04F79EFBC}") = "Serializable", "Serializable\Serializable.csproj", "{812AB86C-DAB3-48B9-83DD-022C593F7883}"
EndProject
Global
	GlobalSection(SolutionConfigurationPlatforms) = preSolution
		Debug|Any CPU = Debug|Any CPU
		Release|Any CPU = Release|Any CPU
	EndGlobalSection
	GlobalSection(ProjectConfigurationPlatforms) = postSolution
		{812AB86C-DAB3-48B9-83DD-022C593F7883}.Debug|Any CPU.ActiveCfg = Debug|Any CPU
		{812AB86C-DAB3-48B9-83DD-022C593F7883}.Debug|Any CPU.Build.0 = Debug|Any CPU
		{812AB86C-DAB3-48B9-83DD-022C593F7883}.Release|Any CPU.ActiveCfg = Release|Any CPU
		{812AB86C-DAB3-48B9-83DD-022C593F7883}.Release|Any CPU.Build.0 = Release|Any CPU
	EndGlobalSection
	GlobalSection(SolutionProperties) = preSolution
		HideSolutionNode = FALSE
	EndGlobalSection
	GlobalSection(ExtensibilityGlobals) = postSolution
		SolutionGuid = {F211CCF1-EAB4-4FDD-BD61-BC03DAFB3237}
	EndGlobalSection
EndGlobal
